// !$*UTF8*$!
{
	archiveVersion = 1;
	classes = {
	};
	objectVersion = 56;
	objects = {

/* Begin PBXBuildFile section */
		2C5BBCE12C4BB5E70034C04C /* AppDelegate.swift in Sources */ = {isa = PBXBuildFile; fileRef = 2C5BBCE02C4BB5E70034C04C /* AppDelegate.swift */; };
		2C5BBCE32C4BB5E70034C04C /* SceneDelegate.swift in Sources */ = {isa = PBXBuildFile; fileRef = 2C5BBCE22C4BB5E70034C04C /* SceneDelegate.swift */; };
		2C5BBCE52C4BB5E70034C04C /* ProductsVC.swift in Sources */ = {isa = PBXBuildFile; fileRef = 2C5BBCE42C4BB5E70034C04C /* ProductsVC.swift */; };
		2C5BBCEA2C4BB5E90034C04C /* Assets.xcassets in Resources */ = {isa = PBXBuildFile; fileRef = 2C5BBCE92C4BB5E90034C04C /* Assets.xcassets */; };
		2C5BBCED2C4BB5E90034C04C /* LaunchScreen.storyboard in Resources */ = {isa = PBXBuildFile; fileRef = 2C5BBCEB2C4BB5E90034C04C /* LaunchScreen.storyboard */; };
		2C5BBCFC2C4BE53C0034C04C /* DataManager.swift in Sources */ = {isa = PBXBuildFile; fileRef = 2C5BBCFB2C4BE53C0034C04C /* DataManager.swift */; };
		2C5BBD012C4BE6240034C04C /* TransactionsModel.swift in Sources */ = {isa = PBXBuildFile; fileRef = 2C5BBD002C4BE6240034C04C /* TransactionsModel.swift */; };
		2C5BBD032C4BE6910034C04C /* RatesModel.swift in Sources */ = {isa = PBXBuildFile; fileRef = 2C5BBD022C4BE6910034C04C /* RatesModel.swift */; };
		2C5BBD082C4C67710034C04C /* transactions.plist in Resources */ = {isa = PBXBuildFile; fileRef = 2C5BBD072C4C67710034C04C /* transactions.plist */; };
		2C5BBD0A2C4C67880034C04C /* rates.plist in Resources */ = {isa = PBXBuildFile; fileRef = 2C5BBD092C4C67880034C04C /* rates.plist */; };
		2C5BBD102C4C6D350034C04C /* ProductCell.swift in Sources */ = {isa = PBXBuildFile; fileRef = 2C5BBD0F2C4C6D350034C04C /* ProductCell.swift */; };
		2C5BBD152C4C73930034C04C /* ProductVM.swift in Sources */ = {isa = PBXBuildFile; fileRef = 2C5BBD142C4C73930034C04C /* ProductVM.swift */; };
		2C5BBD172C4D2FEA0034C04C /* TransactionsVC.swift in Sources */ = {isa = PBXBuildFile; fileRef = 2C5BBD162C4D2FEA0034C04C /* TransactionsVC.swift */; };
		2C5BBD192C4D39B90034C04C /* TransactionsVM.swift in Sources */ = {isa = PBXBuildFile; fileRef = 2C5BBD182C4D39B90034C04C /* TransactionsVM.swift */; };
		2C5BBD1C2C4D7AA10034C04C /* Localization.swift in Sources */ = {isa = PBXBuildFile; fileRef = 2C5BBD1B2C4D7AA10034C04C /* Localization.swift */; };
		2C5BBD1E2C4D7AC10034C04C /* Localizable.strings in Resources */ = {isa = PBXBuildFile; fileRef = 2C5BBD1D2C4D7AC10034C04C /* Localizable.strings */; };
		2C5BBD212C4EC25E0034C04C /* CurrencyConverter.swift in Sources */ = {isa = PBXBuildFile; fileRef = 2C5BBD202C4EC25E0034C04C /* CurrencyConverter.swift */; };
		2C5BBD252C4FD3AF0034C04C /* AlertFabric.swift in Sources */ = {isa = PBXBuildFile; fileRef = 2C5BBD242C4FD3AF0034C04C /* AlertFabric.swift */; };
		2C5BBD282C4FE86F0034C04C /* TransactionVCFabric.swift in Sources */ = {isa = PBXBuildFile; fileRef = 2C5BBD272C4FE86F0034C04C /* TransactionVCFabric.swift */; };
		2C5BBD2A2C4FE8BA0034C04C /* TransactionVMFabric.swift in Sources */ = {isa = PBXBuildFile; fileRef = 2C5BBD292C4FE8BA0034C04C /* TransactionVMFabric.swift */; };
/* End PBXBuildFile section */

/* Begin PBXFileReference section */
		2C5BBCDD2C4BB5E70034C04C /* SovkombankTestTask.app */ = {isa = PBXFileReference; explicitFileType = wrapper.application; includeInIndex = 0; path = SovkombankTestTask.app; sourceTree = BUILT_PRODUCTS_DIR; };
		2C5BBCE02C4BB5E70034C04C /* AppDelegate.swift */ = {isa = PBXFileReference; lastKnownFileType = sourcecode.swift; path = AppDelegate.swift; sourceTree = "<group>"; };
		2C5BBCE22C4BB5E70034C04C /* SceneDelegate.swift */ = {isa = PBXFileReference; lastKnownFileType = sourcecode.swift; path = SceneDelegate.swift; sourceTree = "<group>"; };
		2C5BBCE42C4BB5E70034C04C /* ProductsVC.swift */ = {isa = PBXFileReference; lastKnownFileType = sourcecode.swift; path = ProductsVC.swift; sourceTree = "<group>"; };
		2C5BBCE92C4BB5E90034C04C /* Assets.xcassets */ = {isa = PBXFileReference; lastKnownFileType = folder.assetcatalog; path = Assets.xcassets; sourceTree = "<group>"; };
		2C5BBCEC2C4BB5E90034C04C /* Base */ = {isa = PBXFileReference; lastKnownFileType = file.storyboard; name = Base; path = Base.lproj/LaunchScreen.storyboard; sourceTree = "<group>"; };
		2C5BBCEE2C4BB5E90034C04C /* Info.plist */ = {isa = PBXFileReference; lastKnownFileType = text.plist.xml; path = Info.plist; sourceTree = "<group>"; };
		2C5BBCFB2C4BE53C0034C04C /* DataManager.swift */ = {isa = PBXFileReference; lastKnownFileType = sourcecode.swift; path = DataManager.swift; sourceTree = "<group>"; };
		2C5BBD002C4BE6240034C04C /* TransactionsModel.swift */ = {isa = PBXFileReference; lastKnownFileType = sourcecode.swift; path = TransactionsModel.swift; sourceTree = "<group>"; };
		2C5BBD022C4BE6910034C04C /* RatesModel.swift */ = {isa = PBXFileReference; lastKnownFileType = sourcecode.swift; path = RatesModel.swift; sourceTree = "<group>"; };
		2C5BBD072C4C67710034C04C /* transactions.plist */ = {isa = PBXFileReference; fileEncoding = 4; lastKnownFileType = text.plist.xml; path = transactions.plist; sourceTree = "<group>"; };
		2C5BBD092C4C67880034C04C /* rates.plist */ = {isa = PBXFileReference; fileEncoding = 4; lastKnownFileType = text.plist.xml; path = rates.plist; sourceTree = "<group>"; };
		2C5BBD0F2C4C6D350034C04C /* ProductCell.swift */ = {isa = PBXFileReference; lastKnownFileType = sourcecode.swift; path = ProductCell.swift; sourceTree = "<group>"; };
		2C5BBD142C4C73930034C04C /* ProductVM.swift */ = {isa = PBXFileReference; lastKnownFileType = sourcecode.swift; path = ProductVM.swift; sourceTree = "<group>"; };
		2C5BBD162C4D2FEA0034C04C /* TransactionsVC.swift */ = {isa = PBXFileReference; lastKnownFileType = sourcecode.swift; path = TransactionsVC.swift; sourceTree = "<group>"; };
		2C5BBD182C4D39B90034C04C /* TransactionsVM.swift */ = {isa = PBXFileReference; lastKnownFileType = sourcecode.swift; path = TransactionsVM.swift; sourceTree = "<group>"; };
		2C5BBD1B2C4D7AA10034C04C /* Localization.swift */ = {isa = PBXFileReference; lastKnownFileType = sourcecode.swift; path = Localization.swift; sourceTree = "<group>"; };
		2C5BBD1D2C4D7AC10034C04C /* Localizable.strings */ = {isa = PBXFileReference; lastKnownFileType = text.plist.strings; path = Localizable.strings; sourceTree = "<group>"; };
		2C5BBD202C4EC25E0034C04C /* CurrencyConverter.swift */ = {isa = PBXFileReference; lastKnownFileType = sourcecode.swift; path = CurrencyConverter.swift; sourceTree = "<group>"; };
		2C5BBD242C4FD3AF0034C04C /* AlertFabric.swift */ = {isa = PBXFileReference; lastKnownFileType = sourcecode.swift; path = AlertFabric.swift; sourceTree = "<group>"; };
		2C5BBD272C4FE86F0034C04C /* TransactionVCFabric.swift */ = {isa = PBXFileReference; lastKnownFileType = sourcecode.swift; path = TransactionVCFabric.swift; sourceTree = "<group>"; };
		2C5BBD292C4FE8BA0034C04C /* TransactionVMFabric.swift */ = {isa = PBXFileReference; lastKnownFileType = sourcecode.swift; path = TransactionVMFabric.swift; sourceTree = "<group>"; };
/* End PBXFileReference section */

/* Begin PBXFrameworksBuildPhase section */
		2C5BBCDA2C4BB5E70034C04C /* Frameworks */ = {
			isa = PBXFrameworksBuildPhase;
			buildActionMask = 2147483647;
			files = (
			);
			runOnlyForDeploymentPostprocessing = 0;
		};
/* End PBXFrameworksBuildPhase section */

/* Begin PBXGroup section */
		2C5BBCD42C4BB5E70034C04C = {
			isa = PBXGroup;
			children = (
				2C5BBCDF2C4BB5E70034C04C /* SovkombankTestTask */,
				2C5BBCDE2C4BB5E70034C04C /* Products */,
			);
			sourceTree = "<group>";
		};
		2C5BBCDE2C4BB5E70034C04C /* Products */ = {
			isa = PBXGroup;
			children = (
				2C5BBCDD2C4BB5E70034C04C /* SovkombankTestTask.app */,
			);
			name = Products;
			sourceTree = "<group>";
		};
		2C5BBCDF2C4BB5E70034C04C /* SovkombankTestTask */ = {
			isa = PBXGroup;
			children = (
				2C5BBD1F2C4EC2470034C04C /* Services */,
				2C5BBD1A2C4D7A850034C04C /* Localization */,
				2C5BBD112C4C730A0034C04C /* Screens */,
				2C5BBCFD2C4BE56F0034C04C /* Models */,
				2C5BBCE02C4BB5E70034C04C /* AppDelegate.swift */,
				2C5BBCE22C4BB5E70034C04C /* SceneDelegate.swift */,
				2C5BBCE92C4BB5E90034C04C /* Assets.xcassets */,
				2C5BBCEB2C4BB5E90034C04C /* LaunchScreen.storyboard */,
				2C5BBCEE2C4BB5E90034C04C /* Info.plist */,
				2C5BBCF82C4BE4F10034C04C /* Data */,
				2C5BBD262C4FE7360034C04C /* Fabrics */,
			);
			path = SovkombankTestTask;
			sourceTree = "<group>";
		};
		2C5BBCF82C4BE4F10034C04C /* Data */ = {
			isa = PBXGroup;
			children = (
				2C5BBD072C4C67710034C04C /* transactions.plist */,
				2C5BBD092C4C67880034C04C /* rates.plist */,
			);
			path = Data;
			sourceTree = "<group>";
		};
		2C5BBCFD2C4BE56F0034C04C /* Models */ = {
			isa = PBXGroup;
			children = (
				2C5BBD002C4BE6240034C04C /* TransactionsModel.swift */,
				2C5BBD022C4BE6910034C04C /* RatesModel.swift */,
			);
			path = Models;
			sourceTree = "<group>";
		};
		2C5BBCFE2C4BE5780034C04C /* View */ = {
			isa = PBXGroup;
			children = (
				2C5BBCE42C4BB5E70034C04C /* ProductsVC.swift */,
			);
			path = View;
			sourceTree = "<group>";
		};
		2C5BBCFF2C4BE57E0034C04C /* ViewModel */ = {
			isa = PBXGroup;
			children = (
				2C5BBD142C4C73930034C04C /* ProductVM.swift */,
			);
			path = ViewModel;
			sourceTree = "<group>";
		};
		2C5BBD0E2C4C6D220034C04C /* Cell */ = {
			isa = PBXGroup;
			children = (
				2C5BBD0F2C4C6D350034C04C /* ProductCell.swift */,
			);
			path = Cell;
			sourceTree = "<group>";
		};
		2C5BBD112C4C730A0034C04C /* Screens */ = {
			isa = PBXGroup;
			children = (
				2C5BBD122C4C73130034C04C /* Products */,
				2C5BBD132C4C73450034C04C /* Transactions */,
			);
			path = Screens;
			sourceTree = "<group>";
		};
		2C5BBD122C4C73130034C04C /* Products */ = {
			isa = PBXGroup;
			children = (
				2C5BBCFF2C4BE57E0034C04C /* ViewModel */,
				2C5BBD0E2C4C6D220034C04C /* Cell */,
				2C5BBCFE2C4BE5780034C04C /* View */,
			);
			path = Products;
			sourceTree = "<group>";
		};
		2C5BBD132C4C73450034C04C /* Transactions */ = {
			isa = PBXGroup;
			children = (
				2C5BBD232C4ECC910034C04C /* ViewModel */,
				2C5BBD222C4ECC820034C04C /* View */,
			);
			path = Transactions;
			sourceTree = "<group>";
		};
		2C5BBD1A2C4D7A850034C04C /* Localization */ = {
			isa = PBXGroup;
			children = (
				2C5BBD1B2C4D7AA10034C04C /* Localization.swift */,
				2C5BBD1D2C4D7AC10034C04C /* Localizable.strings */,
			);
			path = Localization;
			sourceTree = "<group>";
		};
		2C5BBD1F2C4EC2470034C04C /* Services */ = {
			isa = PBXGroup;
			children = (
				2C5BBCFB2C4BE53C0034C04C /* DataManager.swift */,
				2C5BBD202C4EC25E0034C04C /* CurrencyConverter.swift */,
			);
			path = Services;
			sourceTree = "<group>";
		};
		2C5BBD222C4ECC820034C04C /* View */ = {
			isa = PBXGroup;
			children = (
				2C5BBD162C4D2FEA0034C04C /* TransactionsVC.swift */,
			);
			path = View;
			sourceTree = "<group>";
		};
		2C5BBD232C4ECC910034C04C /* ViewModel */ = {
			isa = PBXGroup;
			children = (
				2C5BBD182C4D39B90034C04C /* TransactionsVM.swift */,
			);
			path = ViewModel;
			sourceTree = "<group>";
		};
		2C5BBD262C4FE7360034C04C /* Fabrics */ = {
			isa = PBXGroup;
			children = (
				2C5BBD242C4FD3AF0034C04C /* AlertFabric.swift */,
				2C5BBD272C4FE86F0034C04C /* TransactionVCFabric.swift */,
				2C5BBD292C4FE8BA0034C04C /* TransactionVMFabric.swift */,
			);
			path = Fabrics;
			sourceTree = "<group>";
		};
/* End PBXGroup section */

/* Begin PBXNativeTarget section */
		2C5BBCDC2C4BB5E70034C04C /* SovkombankTestTask */ = {
			isa = PBXNativeTarget;
			buildConfigurationList = 2C5BBCF12C4BB5E90034C04C /* Build configuration list for PBXNativeTarget "SovkombankTestTask" */;
			buildPhases = (
				2C5BBCD92C4BB5E70034C04C /* Sources */,
				2C5BBCDA2C4BB5E70034C04C /* Frameworks */,
				2C5BBCDB2C4BB5E70034C04C /* Resources */,
			);
			buildRules = (
			);
			dependencies = (
			);
			name = SovkombankTestTask;
			productName = SovkombankTestTask;
			productReference = 2C5BBCDD2C4BB5E70034C04C /* SovkombankTestTask.app */;
			productType = "com.apple.product-type.application";
		};
/* End PBXNativeTarget section */

/* Begin PBXProject section */
		2C5BBCD52C4BB5E70034C04C /* Project object */ = {
			isa = PBXProject;
			attributes = {
				BuildIndependentTargetsInParallel = 1;
				LastSwiftUpdateCheck = 1420;
				LastUpgradeCheck = 1420;
				TargetAttributes = {
					2C5BBCDC2C4BB5E70034C04C = {
						CreatedOnToolsVersion = 14.2;
					};
				};
			};
			buildConfigurationList = 2C5BBCD82C4BB5E70034C04C /* Build configuration list for PBXProject "SovkombankTestTask" */;
			compatibilityVersion = "Xcode 14.0";
			developmentRegion = en;
			hasScannedForEncodings = 0;
			knownRegions = (
				en,
				Base,
			);
			mainGroup = 2C5BBCD42C4BB5E70034C04C;
			productRefGroup = 2C5BBCDE2C4BB5E70034C04C /* Products */;
			projectDirPath = "";
			projectRoot = "";
			targets = (
				2C5BBCDC2C4BB5E70034C04C /* SovkombankTestTask */,
			);
		};
/* End PBXProject section */

/* Begin PBXResourcesBuildPhase section */
		2C5BBCDB2C4BB5E70034C04C /* Resources */ = {
			isa = PBXResourcesBuildPhase;
			buildActionMask = 2147483647;
			files = (
				2C5BBD1E2C4D7AC10034C04C /* Localizable.strings in Resources */,
				2C5BBD0A2C4C67880034C04C /* rates.plist in Resources */,
				2C5BBCED2C4BB5E90034C04C /* LaunchScreen.storyboard in Resources */,
				2C5BBCEA2C4BB5E90034C04C /* Assets.xcassets in Resources */,
				2C5BBD082C4C67710034C04C /* transactions.plist in Resources */,
			);
			runOnlyForDeploymentPostprocessing = 0;
		};
/* End PBXResourcesBuildPhase section */

/* Begin PBXSourcesBuildPhase section */
		2C5BBCD92C4BB5E70034C04C /* Sources */ = {
			isa = PBXSourcesBuildPhase;
			buildActionMask = 2147483647;
			files = (
				2C5BBCE52C4BB5E70034C04C /* ProductsVC.swift in Sources */,
				2C5BBD1C2C4D7AA10034C04C /* Localization.swift in Sources */,
				2C5BBD192C4D39B90034C04C /* TransactionsVM.swift in Sources */,
				2C5BBD252C4FD3AF0034C04C /* AlertFabric.swift in Sources */,
				2C5BBD032C4BE6910034C04C /* RatesModel.swift in Sources */,
				2C5BBCFC2C4BE53C0034C04C /* DataManager.swift in Sources */,
				2C5BBCE12C4BB5E70034C04C /* AppDelegate.swift in Sources */,
				2C5BBD012C4BE6240034C04C /* TransactionsModel.swift in Sources */,
				2C5BBD102C4C6D350034C04C /* ProductCell.swift in Sources */,
				2C5BBD172C4D2FEA0034C04C /* TransactionsVC.swift in Sources */,
				2C5BBD152C4C73930034C04C /* ProductVM.swift in Sources */,
				2C5BBD212C4EC25E0034C04C /* CurrencyConverter.swift in Sources */,
				2C5BBD2A2C4FE8BA0034C04C /* TransactionVMFabric.swift in Sources */,
				2C5BBD282C4FE86F0034C04C /* TransactionVCFabric.swift in Sources */,
				2C5BBCE32C4BB5E70034C04C /* SceneDelegate.swift in Sources */,
			);
			runOnlyForDeploymentPostprocessing = 0;
		};
/* End PBXSourcesBuildPhase section */

/* Begin PBXVariantGroup section */
		2C5BBCEB2C4BB5E90034C04C /* LaunchScreen.storyboard */ = {
			isa = PBXVariantGroup;
			children = (
				2C5BBCEC2C4BB5E90034C04C /* Base */,
			);
			name = LaunchScreen.storyboard;
			sourceTree = "<group>";
		};
/* End PBXVariantGroup section */

/* Begin XCBuildConfiguration section */
		2C5BBCEF2C4BB5E90034C04C /* Debug */ = {
			isa = XCBuildConfiguration;
			buildSettings = {
				ALWAYS_SEARCH_USER_PATHS = NO;
				CLANG_ANALYZER_NONNULL = YES;
				CLANG_ANALYZER_NUMBER_OBJECT_CONVERSION = YES_AGGRESSIVE;
				CLANG_CXX_LANGUAGE_STANDARD = "gnu++20";
				CLANG_ENABLE_MODULES = YES;
				CLANG_ENABLE_OBJC_ARC = YES;
				CLANG_ENABLE_OBJC_WEAK = YES;
				CLANG_WARN_BLOCK_CAPTURE_AUTORELEASING = YES;
				CLANG_WARN_BOOL_CONVERSION = YES;
				CLANG_WARN_COMMA = YES;
				CLANG_WARN_CONSTANT_CONVERSION = YES;
				CLANG_WARN_DEPRECATED_OBJC_IMPLEMENTATIONS = YES;
				CLANG_WARN_DIRECT_OBJC_ISA_USAGE = YES_ERROR;
				CLANG_WARN_DOCUMENTATION_COMMENTS = YES;
				CLANG_WARN_EMPTY_BODY = YES;
				CLANG_WARN_ENUM_CONVERSION = YES;
				CLANG_WARN_INFINITE_RECURSION = YES;
				CLANG_WARN_INT_CONVERSION = YES;
				CLANG_WARN_NON_LITERAL_NULL_CONVERSION = YES;
				CLANG_WARN_OBJC_IMPLICIT_RETAIN_SELF = YES;
				CLANG_WARN_OBJC_LITERAL_CONVERSION = YES;
				CLANG_WARN_OBJC_ROOT_CLASS = YES_ERROR;
				CLANG_WARN_QUOTED_INCLUDE_IN_FRAMEWORK_HEADER = YES;
				CLANG_WARN_RANGE_LOOP_ANALYSIS = YES;
				CLANG_WARN_STRICT_PROTOTYPES = YES;
				CLANG_WARN_SUSPICIOUS_MOVE = YES;
				CLANG_WARN_UNGUARDED_AVAILABILITY = YES_AGGRESSIVE;
				CLANG_WARN_UNREACHABLE_CODE = YES;
				CLANG_WARN__DUPLICATE_METHOD_MATCH = YES;
				COPY_PHASE_STRIP = NO;
				DEBUG_INFORMATION_FORMAT = dwarf;
				ENABLE_STRICT_OBJC_MSGSEND = YES;
				ENABLE_TESTABILITY = YES;
				GCC_C_LANGUAGE_STANDARD = gnu11;
				GCC_DYNAMIC_NO_PIC = NO;
				GCC_NO_COMMON_BLOCKS = YES;
				GCC_OPTIMIZATION_LEVEL = 0;
				GCC_PREPROCESSOR_DEFINITIONS = (
					"DEBUG=1",
					"$(inherited)",
				);
				GCC_WARN_64_TO_32_BIT_CONVERSION = YES;
				GCC_WARN_ABOUT_RETURN_TYPE = YES_ERROR;
				GCC_WARN_UNDECLARED_SELECTOR = YES;
				GCC_WARN_UNINITIALIZED_AUTOS = YES_AGGRESSIVE;
				GCC_WARN_UNUSED_FUNCTION = YES;
				GCC_WARN_UNUSED_VARIABLE = YES;
				IPHONEOS_DEPLOYMENT_TARGET = 16.2;
				MTL_ENABLE_DEBUG_INFO = INCLUDE_SOURCE;
				MTL_FAST_MATH = YES;
				ONLY_ACTIVE_ARCH = YES;
				SDKROOT = iphoneos;
				SWIFT_ACTIVE_COMPILATION_CONDITIONS = DEBUG;
				SWIFT_OPTIMIZATION_LEVEL = "-Onone";
			};
			name = Debug;
		};
		2C5BBCF02C4BB5E90034C04C /* Release */ = {
			isa = XCBuildConfiguration;
			buildSettings = {
				ALWAYS_SEARCH_USER_PATHS = NO;
				CLANG_ANALYZER_NONNULL = YES;
				CLANG_ANALYZER_NUMBER_OBJECT_CONVERSION = YES_AGGRESSIVE;
				CLANG_CXX_LANGUAGE_STANDARD = "gnu++20";
				CLANG_ENABLE_MODULES = YES;
				CLANG_ENABLE_OBJC_ARC = YES;
				CLANG_ENABLE_OBJC_WEAK = YES;
				CLANG_WARN_BLOCK_CAPTURE_AUTORELEASING = YES;
				CLANG_WARN_BOOL_CONVERSION = YES;
				CLANG_WARN_COMMA = YES;
				CLANG_WARN_CONSTANT_CONVERSION = YES;
				CLANG_WARN_DEPRECATED_OBJC_IMPLEMENTATIONS = YES;
				CLANG_WARN_DIRECT_OBJC_ISA_USAGE = YES_ERROR;
				CLANG_WARN_DOCUMENTATION_COMMENTS = YES;
				CLANG_WARN_EMPTY_BODY = YES;
				CLANG_WARN_ENUM_CONVERSION = YES;
				CLANG_WARN_INFINITE_RECURSION = YES;
				CLANG_WARN_INT_CONVERSION = YES;
				CLANG_WARN_NON_LITERAL_NULL_CONVERSION = YES;
				CLANG_WARN_OBJC_IMPLICIT_RETAIN_SELF = YES;
				CLANG_WARN_OBJC_LITERAL_CONVERSION = YES;
				CLANG_WARN_OBJC_ROOT_CLASS = YES_ERROR;
				CLANG_WARN_QUOTED_INCLUDE_IN_FRAMEWORK_HEADER = YES;
				CLANG_WARN_RANGE_LOOP_ANALYSIS = YES;
				CLANG_WARN_STRICT_PROTOTYPES = YES;
				CLANG_WARN_SUSPICIOUS_MOVE = YES;
				CLANG_WARN_UNGUARDED_AVAILABILITY = YES_AGGRESSIVE;
				CLANG_WARN_UNREACHABLE_CODE = YES;
				CLANG_WARN__DUPLICATE_METHOD_MATCH = YES;
				COPY_PHASE_STRIP = NO;
				DEBUG_INFORMATION_FORMAT = "dwarf-with-dsym";
				ENABLE_NS_ASSERTIONS = NO;
				ENABLE_STRICT_OBJC_MSGSEND = YES;
				GCC_C_LANGUAGE_STANDARD = gnu11;
				GCC_NO_COMMON_BLOCKS = YES;
				GCC_WARN_64_TO_32_BIT_CONVERSION = YES;
				GCC_WARN_ABOUT_RETURN_TYPE = YES_ERROR;
				GCC_WARN_UNDECLARED_SELECTOR = YES;
				GCC_WARN_UNINITIALIZED_AUTOS = YES_AGGRESSIVE;
				GCC_WARN_UNUSED_FUNCTION = YES;
				GCC_WARN_UNUSED_VARIABLE = YES;
				IPHONEOS_DEPLOYMENT_TARGET = 16.2;
				MTL_ENABLE_DEBUG_INFO = NO;
				MTL_FAST_MATH = YES;
				SDKROOT = iphoneos;
				SWIFT_COMPILATION_MODE = wholemodule;
				SWIFT_OPTIMIZATION_LEVEL = "-O";
				VALIDATE_PRODUCT = YES;
			};
			name = Release;
		};
		2C5BBCF22C4BB5E90034C04C /* Debug */ = {
			isa = XCBuildConfiguration;
			buildSettings = {
				ASSETCATALOG_COMPILER_APPICON_NAME = AppIcon;
				ASSETCATALOG_COMPILER_GLOBAL_ACCENT_COLOR_NAME = AccentColor;
				CODE_SIGN_STYLE = Automatic;
				CURRENT_PROJECT_VERSION = 1;
				DEVELOPMENT_TEAM = 7QGYMB6H9N;
				GENERATE_INFOPLIST_FILE = YES;
				INFOPLIST_FILE = SovkombankTestTask/Info.plist;
				INFOPLIST_KEY_UIApplicationSupportsIndirectInputEvents = YES;
				INFOPLIST_KEY_UILaunchStoryboardName = LaunchScreen;
				INFOPLIST_KEY_UIMainStoryboardFile = "";
				INFOPLIST_KEY_UISupportedInterfaceOrientations_iPad = "UIInterfaceOrientationPortrait UIInterfaceOrientationPortraitUpsideDown UIInterfaceOrientationLandscapeLeft UIInterfaceOrientationLandscapeRight";
				INFOPLIST_KEY_UISupportedInterfaceOrientations_iPhone = "UIInterfaceOrientationPortrait UIInterfaceOrientationLandscapeLeft UIInterfaceOrientationLandscapeRight";
				IPHONEOS_DEPLOYMENT_TARGET = 15.0;
				LD_RUNPATH_SEARCH_PATHS = (
					"$(inherited)",
					"@executable_path/Frameworks",
				);
				MARKETING_VERSION = 1.0;
				PRODUCT_BUNDLE_IDENTIFIER = com.dmitriynurulin.SovkombankTestTask;
				PRODUCT_NAME = "$(TARGET_NAME)";
				SWIFT_EMIT_LOC_STRINGS = YES;
				SWIFT_VERSION = 5.0;
				TARGETED_DEVICE_FAMILY = "1,2";
			};
			name = Debug;
		};
		2C5BBCF32C4BB5E90034C04C /* Release */ = {
			isa = XCBuildConfiguration;
			buildSettings = {
				ASSETCATALOG_COMPILER_APPICON_NAME = AppIcon;
				ASSETCATALOG_COMPILER_GLOBAL_ACCENT_COLOR_NAME = AccentColor;
				CODE_SIGN_STYLE = Automatic;
				CURRENT_PROJECT_VERSION = 1;
				DEVELOPMENT_TEAM = 7QGYMB6H9N;
				GENERATE_INFOPLIST_FILE = YES;
				INFOPLIST_FILE = SovkombankTestTask/Info.plist;
				INFOPLIST_KEY_UIApplicationSupportsIndirectInputEvents = YES;
				INFOPLIST_KEY_UILaunchStoryboardName = LaunchScreen;
				INFOPLIST_KEY_UIMainStoryboardFile = "";
				INFOPLIST_KEY_UISupportedInterfaceOrientations_iPad = "UIInterfaceOrientationPortrait UIInterfaceOrientationPortraitUpsideDown UIInterfaceOrientationLandscapeLeft UIInterfaceOrientationLandscapeRight";
				INFOPLIST_KEY_UISupportedInterfaceOrientations_iPhone = "UIInterfaceOrientationPortrait UIInterfaceOrientationLandscapeLeft UIInterfaceOrientationLandscapeRight";
				IPHONEOS_DEPLOYMENT_TARGET = 15.0;
				LD_RUNPATH_SEARCH_PATHS = (
					"$(inherited)",
					"@executable_path/Frameworks",
				);
				MARKETING_VERSION = 1.0;
				PRODUCT_BUNDLE_IDENTIFIER = com.dmitriynurulin.SovkombankTestTask;
				PRODUCT_NAME = "$(TARGET_NAME)";
				SWIFT_EMIT_LOC_STRINGS = YES;
				SWIFT_VERSION = 5.0;
				TARGETED_DEVICE_FAMILY = "1,2";
			};
			name = Release;
		};
/* End XCBuildConfiguration section */

/* Begin XCConfigurationList section */
		2C5BBCD82C4BB5E70034C04C /* Build configuration list for PBXProject "SovkombankTestTask" */ = {
			isa = XCConfigurationList;
			buildConfigurations = (
				2C5BBCEF2C4BB5E90034C04C /* Debug */,
				2C5BBCF02C4BB5E90034C04C /* Release */,
			);
			defaultConfigurationIsVisible = 0;
			defaultConfigurationName = Release;
		};
		2C5BBCF12C4BB5E90034C04C /* Build configuration list for PBXNativeTarget "SovkombankTestTask" */ = {
			isa = XCConfigurationList;
			buildConfigurations = (
				2C5BBCF22C4BB5E90034C04C /* Debug */,
				2C5BBCF32C4BB5E90034C04C /* Release */,
			);
			defaultConfigurationIsVisible = 0;
			defaultConfigurationName = Release;
		};
/* End XCConfigurationList section */
	};
	rootObject = 2C5BBCD52C4BB5E70034C04C /* Project object */;
}
